// !$*UTF8*$!
{
	archiveVersion = 1;
	classes = {
	};
	objectVersion = 48;
	objects = {

/* Begin PBXBuildFile section */
		29016A73205E224E001BBE2F /* DirectoryVC.swift in Sources */ = {isa = PBXBuildFile; fileRef = 29016A72205E224E001BBE2F /* DirectoryVC.swift */; };
		29016A75205E22AC001BBE2F /* DirectoryTableViewCell.swift in Sources */ = {isa = PBXBuildFile; fileRef = 29016A74205E22AC001BBE2F /* DirectoryTableViewCell.swift */; };
		295F1384205254FB00C04DED /* DrawerMenu.swift in Sources */ = {isa = PBXBuildFile; fileRef = 295F1383205254FB00C04DED /* DrawerMenu.swift */; };
		297E283C20453AD900E23C54 /* HomeVC.swift in Sources */ = {isa = PBXBuildFile; fileRef = 297E283B20453AD900E23C54 /* HomeVC.swift */; };
		2999B5FC204220EB00D4AB8C /* AppDelegate.swift in Sources */ = {isa = PBXBuildFile; fileRef = 2999B5FB204220EB00D4AB8C /* AppDelegate.swift */; };
		2999B5FE204220EB00D4AB8C /* LoginVC.swift in Sources */ = {isa = PBXBuildFile; fileRef = 2999B5FD204220EB00D4AB8C /* LoginVC.swift */; };
		2999B601204220EB00D4AB8C /* Main.storyboard in Resources */ = {isa = PBXBuildFile; fileRef = 2999B5FF204220EB00D4AB8C /* Main.storyboard */; };
		2999B603204220EB00D4AB8C /* Assets.xcassets in Resources */ = {isa = PBXBuildFile; fileRef = 2999B602204220EB00D4AB8C /* Assets.xcassets */; };
		2999B606204220EB00D4AB8C /* LaunchScreen.storyboard in Resources */ = {isa = PBXBuildFile; fileRef = 2999B604204220EB00D4AB8C /* LaunchScreen.storyboard */; };
		2999B611204220EB00D4AB8C /* BlackAuburnTests.swift in Sources */ = {isa = PBXBuildFile; fileRef = 2999B610204220EB00D4AB8C /* BlackAuburnTests.swift */; };
		2999B61C204220EC00D4AB8C /* BlackAuburnUITests.swift in Sources */ = {isa = PBXBuildFile; fileRef = 2999B61B204220EC00D4AB8C /* BlackAuburnUITests.swift */; };
		29BC8403204656F400C27D80 /* HomeTableViewCell.swift in Sources */ = {isa = PBXBuildFile; fileRef = 29BC8402204656F400C27D80 /* HomeTableViewCell.swift */; };
		29CEF4DA2056EFE100228744 /* CalendarVC.swift in Sources */ = {isa = PBXBuildFile; fileRef = 29CEF4D92056EFE100228744 /* CalendarVC.swift */; };
		29F6B46A2045B76E004CBC06 /* HomeCollectionViewCell.swift in Sources */ = {isa = PBXBuildFile; fileRef = 29F6B4692045B76E004CBC06 /* HomeCollectionViewCell.swift */; };
		29FED41F205EE9FB00F3CF9F /* OrgVC.swift in Sources */ = {isa = PBXBuildFile; fileRef = 29FED41E205EE9FB00F3CF9F /* OrgVC.swift */; };
		29FED421205EEA1700F3CF9F /* OrgTableViewCell.swift in Sources */ = {isa = PBXBuildFile; fileRef = 29FED420205EEA1700F3CF9F /* OrgTableViewCell.swift */; };
		36AF491855FE7C786BAFCFFF /* Pods_BlackAuburn.framework in Frameworks */ = {isa = PBXBuildFile; fileRef = 4EF141F3D457BB2E858FE07C /* Pods_BlackAuburn.framework */; };
/* End PBXBuildFile section */

/* Begin PBXContainerItemProxy section */
		2999B60D204220EB00D4AB8C /* PBXContainerItemProxy */ = {
			isa = PBXContainerItemProxy;
			containerPortal = 2999B5F0204220EB00D4AB8C /* Project object */;
			proxyType = 1;
			remoteGlobalIDString = 2999B5F7204220EB00D4AB8C;
			remoteInfo = BlackAuburn;
		};
		2999B618204220EB00D4AB8C /* PBXContainerItemProxy */ = {
			isa = PBXContainerItemProxy;
			containerPortal = 2999B5F0204220EB00D4AB8C /* Project object */;
			proxyType = 1;
			remoteGlobalIDString = 2999B5F7204220EB00D4AB8C;
			remoteInfo = BlackAuburn;
		};
/* End PBXContainerItemProxy section */

/* Begin PBXFileReference section */
		256676D440260235A4950590 /* Pods-BlackAuburn.debug.xcconfig */ = {isa = PBXFileReference; includeInIndex = 1; lastKnownFileType = text.xcconfig; name = "Pods-BlackAuburn.debug.xcconfig"; path = "Pods/Target Support Files/Pods-BlackAuburn/Pods-BlackAuburn.debug.xcconfig"; sourceTree = "<group>"; };
		29016A72205E224E001BBE2F /* DirectoryVC.swift */ = {isa = PBXFileReference; lastKnownFileType = sourcecode.swift; path = DirectoryVC.swift; sourceTree = "<group>"; };
		29016A74205E22AC001BBE2F /* DirectoryTableViewCell.swift */ = {isa = PBXFileReference; lastKnownFileType = sourcecode.swift; path = DirectoryTableViewCell.swift; sourceTree = "<group>"; };
		295F1383205254FB00C04DED /* DrawerMenu.swift */ = {isa = PBXFileReference; lastKnownFileType = sourcecode.swift; path = DrawerMenu.swift; sourceTree = "<group>"; };
		297E283B20453AD900E23C54 /* HomeVC.swift */ = {isa = PBXFileReference; lastKnownFileType = sourcecode.swift; path = HomeVC.swift; sourceTree = "<group>"; };
		2999B5F8204220EB00D4AB8C /* BlackAuburn.app */ = {isa = PBXFileReference; explicitFileType = wrapper.application; includeInIndex = 0; path = BlackAuburn.app; sourceTree = BUILT_PRODUCTS_DIR; };
		2999B5FB204220EB00D4AB8C /* AppDelegate.swift */ = {isa = PBXFileReference; lastKnownFileType = sourcecode.swift; path = AppDelegate.swift; sourceTree = "<group>"; };
		2999B5FD204220EB00D4AB8C /* LoginVC.swift */ = {isa = PBXFileReference; lastKnownFileType = sourcecode.swift; path = LoginVC.swift; sourceTree = "<group>"; };
		2999B600204220EB00D4AB8C /* Base */ = {isa = PBXFileReference; lastKnownFileType = file.storyboard; name = Base; path = Base.lproj/Main.storyboard; sourceTree = "<group>"; };
		2999B602204220EB00D4AB8C /* Assets.xcassets */ = {isa = PBXFileReference; lastKnownFileType = folder.assetcatalog; path = Assets.xcassets; sourceTree = "<group>"; };
		2999B605204220EB00D4AB8C /* Base */ = {isa = PBXFileReference; lastKnownFileType = file.storyboard; name = Base; path = Base.lproj/LaunchScreen.storyboard; sourceTree = "<group>"; };
		2999B607204220EB00D4AB8C /* Info.plist */ = {isa = PBXFileReference; lastKnownFileType = text.plist.xml; path = Info.plist; sourceTree = "<group>"; };
		2999B60C204220EB00D4AB8C /* BlackAuburnTests.xctest */ = {isa = PBXFileReference; explicitFileType = wrapper.cfbundle; includeInIndex = 0; path = BlackAuburnTests.xctest; sourceTree = BUILT_PRODUCTS_DIR; };
		2999B610204220EB00D4AB8C /* BlackAuburnTests.swift */ = {isa = PBXFileReference; lastKnownFileType = sourcecode.swift; path = BlackAuburnTests.swift; sourceTree = "<group>"; };
		2999B612204220EB00D4AB8C /* Info.plist */ = {isa = PBXFileReference; lastKnownFileType = text.plist.xml; path = Info.plist; sourceTree = "<group>"; };
		2999B617204220EB00D4AB8C /* BlackAuburnUITests.xctest */ = {isa = PBXFileReference; explicitFileType = wrapper.cfbundle; includeInIndex = 0; path = BlackAuburnUITests.xctest; sourceTree = BUILT_PRODUCTS_DIR; };
		2999B61B204220EC00D4AB8C /* BlackAuburnUITests.swift */ = {isa = PBXFileReference; lastKnownFileType = sourcecode.swift; path = BlackAuburnUITests.swift; sourceTree = "<group>"; };
		2999B61D204220EC00D4AB8C /* Info.plist */ = {isa = PBXFileReference; lastKnownFileType = text.plist.xml; path = Info.plist; sourceTree = "<group>"; };
		29BC8402204656F400C27D80 /* HomeTableViewCell.swift */ = {isa = PBXFileReference; lastKnownFileType = sourcecode.swift; path = HomeTableViewCell.swift; sourceTree = "<group>"; };
		29CEF4D92056EFE100228744 /* CalendarVC.swift */ = {isa = PBXFileReference; lastKnownFileType = sourcecode.swift; path = CalendarVC.swift; sourceTree = "<group>"; };
		29F6B4692045B76E004CBC06 /* HomeCollectionViewCell.swift */ = {isa = PBXFileReference; lastKnownFileType = sourcecode.swift; path = HomeCollectionViewCell.swift; sourceTree = "<group>"; };
		29FED41E205EE9FB00F3CF9F /* OrgVC.swift */ = {isa = PBXFileReference; lastKnownFileType = sourcecode.swift; path = OrgVC.swift; sourceTree = "<group>"; };
		29FED420205EEA1700F3CF9F /* OrgTableViewCell.swift */ = {isa = PBXFileReference; lastKnownFileType = sourcecode.swift; path = OrgTableViewCell.swift; sourceTree = "<group>"; };
		4EF141F3D457BB2E858FE07C /* Pods_BlackAuburn.framework */ = {isa = PBXFileReference; explicitFileType = wrapper.framework; includeInIndex = 0; path = Pods_BlackAuburn.framework; sourceTree = BUILT_PRODUCTS_DIR; };
		C11608D88FF27B553DD3777F /* Pods-BlackAuburn.release.xcconfig */ = {isa = PBXFileReference; includeInIndex = 1; lastKnownFileType = text.xcconfig; name = "Pods-BlackAuburn.release.xcconfig"; path = "Pods/Target Support Files/Pods-BlackAuburn/Pods-BlackAuburn.release.xcconfig"; sourceTree = "<group>"; };
/* End PBXFileReference section */

/* Begin PBXFrameworksBuildPhase section */
		2999B5F5204220EB00D4AB8C /* Frameworks */ = {
			isa = PBXFrameworksBuildPhase;
			buildActionMask = 2147483647;
			files = (
				36AF491855FE7C786BAFCFFF /* Pods_BlackAuburn.framework in Frameworks */,
			);
			runOnlyForDeploymentPostprocessing = 0;
		};
		2999B609204220EB00D4AB8C /* Frameworks */ = {
			isa = PBXFrameworksBuildPhase;
			buildActionMask = 2147483647;
			files = (
			);
			runOnlyForDeploymentPostprocessing = 0;
		};
		2999B614204220EB00D4AB8C /* Frameworks */ = {
			isa = PBXFrameworksBuildPhase;
			buildActionMask = 2147483647;
			files = (
			);
			runOnlyForDeploymentPostprocessing = 0;
		};
/* End PBXFrameworksBuildPhase section */

/* Begin PBXGroup section */
		003FA6201CE69886025C116E /* Pods */ = {
			isa = PBXGroup;
			children = (
				256676D440260235A4950590 /* Pods-BlackAuburn.debug.xcconfig */,
				C11608D88FF27B553DD3777F /* Pods-BlackAuburn.release.xcconfig */,
			);
			name = Pods;
			sourceTree = "<group>";
		};
		29016A6C205E1D8C001BBE2F /* Directory */ = {
			isa = PBXGroup;
			children = (
				29016A72205E224E001BBE2F /* DirectoryVC.swift */,
				29016A74205E22AC001BBE2F /* DirectoryTableViewCell.swift */,
			);
			path = Directory;
			sourceTree = "<group>";
		};
		2999B5EF204220EB00D4AB8C = {
			isa = PBXGroup;
			children = (
				2999B5FA204220EB00D4AB8C /* BlackAuburn */,
				2999B60F204220EB00D4AB8C /* BlackAuburnTests */,
				2999B61A204220EC00D4AB8C /* BlackAuburnUITests */,
				2999B5F9204220EB00D4AB8C /* Products */,
				003FA6201CE69886025C116E /* Pods */,
				F2F621BF771E8AEABC3883C3 /* Frameworks */,
			);
			sourceTree = "<group>";
		};
		2999B5F9204220EB00D4AB8C /* Products */ = {
			isa = PBXGroup;
			children = (
				2999B5F8204220EB00D4AB8C /* BlackAuburn.app */,
				2999B60C204220EB00D4AB8C /* BlackAuburnTests.xctest */,
				2999B617204220EB00D4AB8C /* BlackAuburnUITests.xctest */,
			);
			name = Products;
			sourceTree = "<group>";
		};
		2999B5FA204220EB00D4AB8C /* BlackAuburn */ = {
			isa = PBXGroup;
			children = (
				2999B5FB204220EB00D4AB8C /* AppDelegate.swift */,
				29FED41C205EBF8E00F3CF9F /* Drawer */,
				29FED41B205EBEF500F3CF9F /* Login */,
				29FED41A205EBEE200F3CF9F /* Home */,
				29CEF4D62056EFBD00228744 /* Calendar */,
				29016A6C205E1D8C001BBE2F /* Directory */,
				29FED41D205EE9A200F3CF9F /* Organizations */,
				2999B602204220EB00D4AB8C /* Assets.xcassets */,
				2999B5FF204220EB00D4AB8C /* Main.storyboard */,
				2999B604204220EB00D4AB8C /* LaunchScreen.storyboard */,
				2999B607204220EB00D4AB8C /* Info.plist */,
			);
			path = BlackAuburn;
			sourceTree = "<group>";
		};
		2999B60F204220EB00D4AB8C /* BlackAuburnTests */ = {
			isa = PBXGroup;
			children = (
				2999B610204220EB00D4AB8C /* BlackAuburnTests.swift */,
				2999B612204220EB00D4AB8C /* Info.plist */,
			);
			path = BlackAuburnTests;
			sourceTree = "<group>";
		};
		2999B61A204220EC00D4AB8C /* BlackAuburnUITests */ = {
			isa = PBXGroup;
			children = (
				2999B61B204220EC00D4AB8C /* BlackAuburnUITests.swift */,
				2999B61D204220EC00D4AB8C /* Info.plist */,
			);
			path = BlackAuburnUITests;
			sourceTree = "<group>";
		};
		29CEF4D62056EFBD00228744 /* Calendar */ = {
			isa = PBXGroup;
			children = (
				29CEF4D92056EFE100228744 /* CalendarVC.swift */,
			);
			path = Calendar;
			sourceTree = "<group>";
		};
		29FED41A205EBEE200F3CF9F /* Home */ = {
			isa = PBXGroup;
			children = (
				297E283B20453AD900E23C54 /* HomeVC.swift */,
				29F6B4692045B76E004CBC06 /* HomeCollectionViewCell.swift */,
				29BC8402204656F400C27D80 /* HomeTableViewCell.swift */,
			);
			path = Home;
			sourceTree = "<group>";
		};
		29FED41B205EBEF500F3CF9F /* Login */ = {
			isa = PBXGroup;
			children = (
				2999B5FD204220EB00D4AB8C /* LoginVC.swift */,
			);
			path = Login;
			sourceTree = "<group>";
		};
		29FED41C205EBF8E00F3CF9F /* Drawer */ = {
			isa = PBXGroup;
			children = (
				295F1383205254FB00C04DED /* DrawerMenu.swift */,
			);
			path = Drawer;
			sourceTree = "<group>";
		};
		29FED41D205EE9A200F3CF9F /* Organizations */ = {
			isa = PBXGroup;
			children = (
				29FED41E205EE9FB00F3CF9F /* OrgVC.swift */,
				29FED420205EEA1700F3CF9F /* OrgTableViewCell.swift */,
			);
			path = Organizations;
			sourceTree = "<group>";
		};
		F2F621BF771E8AEABC3883C3 /* Frameworks */ = {
			isa = PBXGroup;
			children = (
				4EF141F3D457BB2E858FE07C /* Pods_BlackAuburn.framework */,
			);
			name = Frameworks;
			sourceTree = "<group>";
		};
/* End PBXGroup section */

/* Begin PBXNativeTarget section */
		2999B5F7204220EB00D4AB8C /* BlackAuburn */ = {
			isa = PBXNativeTarget;
			buildConfigurationList = 2999B620204220EC00D4AB8C /* Build configuration list for PBXNativeTarget "BlackAuburn" */;
			buildPhases = (
				5D6B42671C24240174A0D47F /* [CP] Check Pods Manifest.lock */,
				2999B5F4204220EB00D4AB8C /* Sources */,
				2999B5F5204220EB00D4AB8C /* Frameworks */,
				2999B5F6204220EB00D4AB8C /* Resources */,
				18753A9666CCBA4DA720714F /* [CP] Embed Pods Frameworks */,
				1F482061CE905F32EA4312F3 /* [CP] Copy Pods Resources */,
			);
			buildRules = (
			);
			dependencies = (
			);
			name = BlackAuburn;
			productName = BlackAuburn;
			productReference = 2999B5F8204220EB00D4AB8C /* BlackAuburn.app */;
			productType = "com.apple.product-type.application";
		};
		2999B60B204220EB00D4AB8C /* BlackAuburnTests */ = {
			isa = PBXNativeTarget;
			buildConfigurationList = 2999B623204220EC00D4AB8C /* Build configuration list for PBXNativeTarget "BlackAuburnTests" */;
			buildPhases = (
				2999B608204220EB00D4AB8C /* Sources */,
				2999B609204220EB00D4AB8C /* Frameworks */,
				2999B60A204220EB00D4AB8C /* Resources */,
			);
			buildRules = (
			);
			dependencies = (
				2999B60E204220EB00D4AB8C /* PBXTargetDependency */,
			);
			name = BlackAuburnTests;
			productName = BlackAuburnTests;
			productReference = 2999B60C204220EB00D4AB8C /* BlackAuburnTests.xctest */;
			productType = "com.apple.product-type.bundle.unit-test";
		};
		2999B616204220EB00D4AB8C /* BlackAuburnUITests */ = {
			isa = PBXNativeTarget;
			buildConfigurationList = 2999B626204220EC00D4AB8C /* Build configuration list for PBXNativeTarget "BlackAuburnUITests" */;
			buildPhases = (
				2999B613204220EB00D4AB8C /* Sources */,
				2999B614204220EB00D4AB8C /* Frameworks */,
				2999B615204220EB00D4AB8C /* Resources */,
			);
			buildRules = (
			);
			dependencies = (
				2999B619204220EB00D4AB8C /* PBXTargetDependency */,
			);
			name = BlackAuburnUITests;
			productName = BlackAuburnUITests;
			productReference = 2999B617204220EB00D4AB8C /* BlackAuburnUITests.xctest */;
			productType = "com.apple.product-type.bundle.ui-testing";
		};
/* End PBXNativeTarget section */

/* Begin PBXProject section */
		2999B5F0204220EB00D4AB8C /* Project object */ = {
			isa = PBXProject;
			attributes = {
				LastSwiftUpdateCheck = 0920;
				LastUpgradeCheck = 0920;
				ORGANIZATIONNAME = AlyssaGable;
				TargetAttributes = {
					2999B5F7204220EB00D4AB8C = {
						CreatedOnToolsVersion = 9.2;
						ProvisioningStyle = Automatic;
					};
					2999B60B204220EB00D4AB8C = {
						CreatedOnToolsVersion = 9.2;
						ProvisioningStyle = Automatic;
						TestTargetID = 2999B5F7204220EB00D4AB8C;
					};
					2999B616204220EB00D4AB8C = {
						CreatedOnToolsVersion = 9.2;
						ProvisioningStyle = Automatic;
						TestTargetID = 2999B5F7204220EB00D4AB8C;
					};
				};
			};
			buildConfigurationList = 2999B5F3204220EB00D4AB8C /* Build configuration list for PBXProject "BlackAuburn" */;
			compatibilityVersion = "Xcode 8.0";
			developmentRegion = en;
			hasScannedForEncodings = 0;
			knownRegions = (
				en,
				Base,
			);
			mainGroup = 2999B5EF204220EB00D4AB8C;
			productRefGroup = 2999B5F9204220EB00D4AB8C /* Products */;
			projectDirPath = "";
			projectRoot = "";
			targets = (
				2999B5F7204220EB00D4AB8C /* BlackAuburn */,
				2999B60B204220EB00D4AB8C /* BlackAuburnTests */,
				2999B616204220EB00D4AB8C /* BlackAuburnUITests */,
			);
		};
/* End PBXProject section */

/* Begin PBXResourcesBuildPhase section */
		2999B5F6204220EB00D4AB8C /* Resources */ = {
			isa = PBXResourcesBuildPhase;
			buildActionMask = 2147483647;
			files = (
				2999B606204220EB00D4AB8C /* LaunchScreen.storyboard in Resources */,
				2999B603204220EB00D4AB8C /* Assets.xcassets in Resources */,
				2999B601204220EB00D4AB8C /* Main.storyboard in Resources */,
			);
			runOnlyForDeploymentPostprocessing = 0;
		};
		2999B60A204220EB00D4AB8C /* Resources */ = {
			isa = PBXResourcesBuildPhase;
			buildActionMask = 2147483647;
			files = (
			);
			runOnlyForDeploymentPostprocessing = 0;
		};
		2999B615204220EB00D4AB8C /* Resources */ = {
			isa = PBXResourcesBuildPhase;
			buildActionMask = 2147483647;
			files = (
			);
			runOnlyForDeploymentPostprocessing = 0;
		};
/* End PBXResourcesBuildPhase section */

/* Begin PBXShellScriptBuildPhase section */
		18753A9666CCBA4DA720714F /* [CP] Embed Pods Frameworks */ = {
			isa = PBXShellScriptBuildPhase;
			buildActionMask = 2147483647;
			files = (
			);
			inputPaths = (
				"${SRCROOT}/Pods/Target Support Files/Pods-BlackAuburn/Pods-BlackAuburn-frameworks.sh",
				"${BUILT_PRODUCTS_DIR}/Alamofire/Alamofire.framework",
				"${BUILT_PRODUCTS_DIR}/ChameleonFramework/ChameleonFramework.framework",
				"${BUILT_PRODUCTS_DIR}/DZNEmptyDataSet/DZNEmptyDataSet.framework",
				"${BUILT_PRODUCTS_DIR}/DynamicBlurView/DynamicBlurView.framework",
				"${BUILT_PRODUCTS_DIR}/FSCalendar/FSCalendar.framework",
				"${BUILT_PRODUCTS_DIR}/FontAwesomeKit/FontAwesomeKit.framework",
				"${BUILT_PRODUCTS_DIR}/JTAppleCalendar/JTAppleCalendar.framework",
				"${BUILT_PRODUCTS_DIR}/Koyomi/Koyomi.framework",
				"${BUILT_PRODUCTS_DIR}/MGSwipeTableCell/MGSwipeTableCell.framework",
				"${BUILT_PRODUCTS_DIR}/PopupDialog/PopupDialog.framework",
				"${BUILT_PRODUCTS_DIR}/SVProgressHUD/SVProgressHUD.framework",
				"${BUILT_PRODUCTS_DIR}/SideMenu/SideMenu.framework",
				"${BUILT_PRODUCTS_DIR}/SlackTextViewController/SlackTextViewController.framework",
				"${BUILT_PRODUCTS_DIR}/SnapKit/SnapKit.framework",
				"${BUILT_PRODUCTS_DIR}/Spring/Spring.framework",
				"${BUILT_PRODUCTS_DIR}/SwiftyJSON/SwiftyJSON.framework",
				"${BUILT_PRODUCTS_DIR}/TextFieldEffects/TextFieldEffects.framework",
			);
			name = "[CP] Embed Pods Frameworks";
			outputPaths = (
				"${TARGET_BUILD_DIR}/${FRAMEWORKS_FOLDER_PATH}/Alamofire.framework",
				"${TARGET_BUILD_DIR}/${FRAMEWORKS_FOLDER_PATH}/ChameleonFramework.framework",
				"${TARGET_BUILD_DIR}/${FRAMEWORKS_FOLDER_PATH}/DZNEmptyDataSet.framework",
				"${TARGET_BUILD_DIR}/${FRAMEWORKS_FOLDER_PATH}/DynamicBlurView.framework",
				"${TARGET_BUILD_DIR}/${FRAMEWORKS_FOLDER_PATH}/FSCalendar.framework",
				"${TARGET_BUILD_DIR}/${FRAMEWORKS_FOLDER_PATH}/FontAwesomeKit.framework",
				"${TARGET_BUILD_DIR}/${FRAMEWORKS_FOLDER_PATH}/JTAppleCalendar.framework",
				"${TARGET_BUILD_DIR}/${FRAMEWORKS_FOLDER_PATH}/Koyomi.framework",
				"${TARGET_BUILD_DIR}/${FRAMEWORKS_FOLDER_PATH}/MGSwipeTableCell.framework",
				"${TARGET_BUILD_DIR}/${FRAMEWORKS_FOLDER_PATH}/PopupDialog.framework",
				"${TARGET_BUILD_DIR}/${FRAMEWORKS_FOLDER_PATH}/SVProgressHUD.framework",
				"${TARGET_BUILD_DIR}/${FRAMEWORKS_FOLDER_PATH}/SideMenu.framework",
				"${TARGET_BUILD_DIR}/${FRAMEWORKS_FOLDER_PATH}/SlackTextViewController.framework",
				"${TARGET_BUILD_DIR}/${FRAMEWORKS_FOLDER_PATH}/SnapKit.framework",
				"${TARGET_BUILD_DIR}/${FRAMEWORKS_FOLDER_PATH}/Spring.framework",
				"${TARGET_BUILD_DIR}/${FRAMEWORKS_FOLDER_PATH}/SwiftyJSON.framework",
				"${TARGET_BUILD_DIR}/${FRAMEWORKS_FOLDER_PATH}/TextFieldEffects.framework",
			);
			runOnlyForDeploymentPostprocessing = 0;
			shellPath = /bin/sh;
			shellScript = "\"${SRCROOT}/Pods/Target Support Files/Pods-BlackAuburn/Pods-BlackAuburn-frameworks.sh\"\n";
			showEnvVarsInLog = 0;
		};
		1F482061CE905F32EA4312F3 /* [CP] Copy Pods Resources */ = {
			isa = PBXShellScriptBuildPhase;
			buildActionMask = 2147483647;
			files = (
			);
			inputPaths = (
			);
			name = "[CP] Copy Pods Resources";
			outputPaths = (
			);
			runOnlyForDeploymentPostprocessing = 0;
			shellPath = /bin/sh;
			shellScript = "\"${SRCROOT}/Pods/Target Support Files/Pods-BlackAuburn/Pods-BlackAuburn-resources.sh\"\n";
			showEnvVarsInLog = 0;
		};
		5D6B42671C24240174A0D47F /* [CP] Check Pods Manifest.lock */ = {
			isa = PBXShellScriptBuildPhase;
			buildActionMask = 2147483647;
			files = (
			);
			inputPaths = (
				"${PODS_PODFILE_DIR_PATH}/Podfile.lock",
				"${PODS_ROOT}/Manifest.lock",
			);
			name = "[CP] Check Pods Manifest.lock";
			outputPaths = (
				"$(DERIVED_FILE_DIR)/Pods-BlackAuburn-checkManifestLockResult.txt",
			);
			runOnlyForDeploymentPostprocessing = 0;
			shellPath = /bin/sh;
			shellScript = "diff \"${PODS_PODFILE_DIR_PATH}/Podfile.lock\" \"${PODS_ROOT}/Manifest.lock\" > /dev/null\nif [ $? != 0 ] ; then\n    # print error to STDERR\n    echo \"error: The sandbox is not in sync with the Podfile.lock. Run 'pod install' or update your CocoaPods installation.\" >&2\n    exit 1\nfi\n# This output is used by Xcode 'outputs' to avoid re-running this script phase.\necho \"SUCCESS\" > \"${SCRIPT_OUTPUT_FILE_0}\"\n";
			showEnvVarsInLog = 0;
		};
/* End PBXShellScriptBuildPhase section */

/* Begin PBXSourcesBuildPhase section */
		2999B5F4204220EB00D4AB8C /* Sources */ = {
			isa = PBXSourcesBuildPhase;
			buildActionMask = 2147483647;
			files = (
				297E283C20453AD900E23C54 /* HomeVC.swift in Sources */,
				29BC8403204656F400C27D80 /* HomeTableViewCell.swift in Sources */,
				29016A73205E224E001BBE2F /* DirectoryVC.swift in Sources */,
				2999B5FE204220EB00D4AB8C /* LoginVC.swift in Sources */,
				29016A75205E22AC001BBE2F /* DirectoryTableViewCell.swift in Sources */,
				29FED41F205EE9FB00F3CF9F /* OrgVC.swift in Sources */,
				295F1384205254FB00C04DED /* DrawerMenu.swift in Sources */,
				29FED421205EEA1700F3CF9F /* OrgTableViewCell.swift in Sources */,
				29CEF4DA2056EFE100228744 /* CalendarVC.swift in Sources */,
				2999B5FC204220EB00D4AB8C /* AppDelegate.swift in Sources */,
				29F6B46A2045B76E004CBC06 /* HomeCollectionViewCell.swift in Sources */,
			);
			runOnlyForDeploymentPostprocessing = 0;
		};
		2999B608204220EB00D4AB8C /* Sources */ = {
			isa = PBXSourcesBuildPhase;
			buildActionMask = 2147483647;
			files = (
				2999B611204220EB00D4AB8C /* BlackAuburnTests.swift in Sources */,
			);
			runOnlyForDeploymentPostprocessing = 0;
		};
		2999B613204220EB00D4AB8C /* Sources */ = {
			isa = PBXSourcesBuildPhase;
			buildActionMask = 2147483647;
			files = (
				2999B61C204220EC00D4AB8C /* BlackAuburnUITests.swift in Sources */,
			);
			runOnlyForDeploymentPostprocessing = 0;
		};
/* End PBXSourcesBuildPhase section */

/* Begin PBXTargetDependency section */
		2999B60E204220EB00D4AB8C /* PBXTargetDependency */ = {
			isa = PBXTargetDependency;
			target = 2999B5F7204220EB00D4AB8C /* BlackAuburn */;
			targetProxy = 2999B60D204220EB00D4AB8C /* PBXContainerItemProxy */;
		};
		2999B619204220EB00D4AB8C /* PBXTargetDependency */ = {
			isa = PBXTargetDependency;
			target = 2999B5F7204220EB00D4AB8C /* BlackAuburn */;
			targetProxy = 2999B618204220EB00D4AB8C /* PBXContainerItemProxy */;
		};
/* End PBXTargetDependency section */

/* Begin PBXVariantGroup section */
		2999B5FF204220EB00D4AB8C /* Main.storyboard */ = {
			isa = PBXVariantGroup;
			children = (
				2999B600204220EB00D4AB8C /* Base */,
			);
			name = Main.storyboard;
			sourceTree = "<group>";
		};
		2999B604204220EB00D4AB8C /* LaunchScreen.storyboard */ = {
			isa = PBXVariantGroup;
			children = (
				2999B605204220EB00D4AB8C /* Base */,
			);
			name = LaunchScreen.storyboard;
			sourceTree = "<group>";
		};
/* End PBXVariantGroup section */

/* Begin XCBuildConfiguration section */
		2999B61E204220EC00D4AB8C /* Debug */ = {
			isa = XCBuildConfiguration;
			buildSettings = {
				ALWAYS_SEARCH_USER_PATHS = NO;
				CLANG_ANALYZER_NONNULL = YES;
				CLANG_ANALYZER_NUMBER_OBJECT_CONVERSION = YES_AGGRESSIVE;
				CLANG_CXX_LANGUAGE_STANDARD = "gnu++14";
				CLANG_CXX_LIBRARY = "libc++";
				CLANG_ENABLE_MODULES = YES;
				CLANG_ENABLE_OBJC_ARC = YES;
				CLANG_WARN_BLOCK_CAPTURE_AUTORELEASING = YES;
				CLANG_WARN_BOOL_CONVERSION = YES;
				CLANG_WARN_COMMA = YES;
				CLANG_WARN_CONSTANT_CONVERSION = YES;
				CLANG_WARN_DIRECT_OBJC_ISA_USAGE = YES_ERROR;
				CLANG_WARN_DOCUMENTATION_COMMENTS = YES;
				CLANG_WARN_EMPTY_BODY = YES;
				CLANG_WARN_ENUM_CONVERSION = YES;
				CLANG_WARN_INFINITE_RECURSION = YES;
				CLANG_WARN_INT_CONVERSION = YES;
				CLANG_WARN_NON_LITERAL_NULL_CONVERSION = YES;
				CLANG_WARN_OBJC_LITERAL_CONVERSION = YES;
				CLANG_WARN_OBJC_ROOT_CLASS = YES_ERROR;
				CLANG_WARN_RANGE_LOOP_ANALYSIS = YES;
				CLANG_WARN_STRICT_PROTOTYPES = YES;
				CLANG_WARN_SUSPICIOUS_MOVE = YES;
				CLANG_WARN_UNGUARDED_AVAILABILITY = YES_AGGRESSIVE;
				CLANG_WARN_UNREACHABLE_CODE = YES;
				CLANG_WARN__DUPLICATE_METHOD_MATCH = YES;
				CODE_SIGN_IDENTITY = "iPhone Developer";
				COPY_PHASE_STRIP = NO;
				DEBUG_INFORMATION_FORMAT = dwarf;
				ENABLE_STRICT_OBJC_MSGSEND = YES;
				ENABLE_TESTABILITY = YES;
				GCC_C_LANGUAGE_STANDARD = gnu11;
				GCC_DYNAMIC_NO_PIC = NO;
				GCC_NO_COMMON_BLOCKS = YES;
				GCC_OPTIMIZATION_LEVEL = 0;
				GCC_PREPROCESSOR_DEFINITIONS = (
					"DEBUG=1",
					"$(inherited)",
				);
				GCC_WARN_64_TO_32_BIT_CONVERSION = YES;
				GCC_WARN_ABOUT_RETURN_TYPE = YES_ERROR;
				GCC_WARN_UNDECLARED_SELECTOR = YES;
				GCC_WARN_UNINITIALIZED_AUTOS = YES_AGGRESSIVE;
				GCC_WARN_UNUSED_FUNCTION = YES;
				GCC_WARN_UNUSED_VARIABLE = YES;
				IPHONEOS_DEPLOYMENT_TARGET = 11.2;
				MTL_ENABLE_DEBUG_INFO = YES;
				ONLY_ACTIVE_ARCH = YES;
				SDKROOT = iphoneos;
				SWIFT_ACTIVE_COMPILATION_CONDITIONS = DEBUG;
				SWIFT_OPTIMIZATION_LEVEL = "-Onone";
			};
			name = Debug;
		};
		2999B61F204220EC00D4AB8C /* Release */ = {
			isa = XCBuildConfiguration;
			buildSettings = {
				ALWAYS_SEARCH_USER_PATHS = NO;
				CLANG_ANALYZER_NONNULL = YES;
				CLANG_ANALYZER_NUMBER_OBJECT_CONVERSION = YES_AGGRESSIVE;
				CLANG_CXX_LANGUAGE_STANDARD = "gnu++14";
				CLANG_CXX_LIBRARY = "libc++";
				CLANG_ENABLE_MODULES = YES;
				CLANG_ENABLE_OBJC_ARC = YES;
				CLANG_WARN_BLOCK_CAPTURE_AUTORELEASING = YES;
				CLANG_WARN_BOOL_CONVERSION = YES;
				CLANG_WARN_COMMA = YES;
				CLANG_WARN_CONSTANT_CONVERSION = YES;
				CLANG_WARN_DIRECT_OBJC_ISA_USAGE = YES_ERROR;
				CLANG_WARN_DOCUMENTATION_COMMENTS = YES;
				CLANG_WARN_EMPTY_BODY = YES;
				CLANG_WARN_ENUM_CONVERSION = YES;
				CLANG_WARN_INFINITE_RECURSION = YES;
				CLANG_WARN_INT_CONVERSION = YES;
				CLANG_WARN_NON_LITERAL_NULL_CONVERSION = YES;
				CLANG_WARN_OBJC_LITERAL_CONVERSION = YES;
				CLANG_WARN_OBJC_ROOT_CLASS = YES_ERROR;
				CLANG_WARN_RANGE_LOOP_ANALYSIS = YES;
				CLANG_WARN_STRICT_PROTOTYPES = YES;
				CLANG_WARN_SUSPICIOUS_MOVE = YES;
				CLANG_WARN_UNGUARDED_AVAILABILITY = YES_AGGRESSIVE;
				CLANG_WARN_UNREACHABLE_CODE = YES;
				CLANG_WARN__DUPLICATE_METHOD_MATCH = YES;
				CODE_SIGN_IDENTITY = "iPhone Developer";
				COPY_PHASE_STRIP = NO;
				DEBUG_INFORMATION_FORMAT = "dwarf-with-dsym";
				ENABLE_NS_ASSERTIONS = NO;
				ENABLE_STRICT_OBJC_MSGSEND = YES;
				GCC_C_LANGUAGE_STANDARD = gnu11;
				GCC_NO_COMMON_BLOCKS = YES;
				GCC_WARN_64_TO_32_BIT_CONVERSION = YES;
				GCC_WARN_ABOUT_RETURN_TYPE = YES_ERROR;
				GCC_WARN_UNDECLARED_SELECTOR = YES;
				GCC_WARN_UNINITIALIZED_AUTOS = YES_AGGRESSIVE;
				GCC_WARN_UNUSED_FUNCTION = YES;
				GCC_WARN_UNUSED_VARIABLE = YES;
				IPHONEOS_DEPLOYMENT_TARGET = 11.2;
				MTL_ENABLE_DEBUG_INFO = NO;
				SDKROOT = iphoneos;
				SWIFT_OPTIMIZATION_LEVEL = "-Owholemodule";
				VALIDATE_PRODUCT = YES;
			};
			name = Release;
		};
		2999B621204220EC00D4AB8C /* Debug */ = {
			isa = XCBuildConfiguration;
			baseConfigurationReference = 256676D440260235A4950590 /* Pods-BlackAuburn.debug.xcconfig */;
			buildSettings = {
				ASSETCATALOG_COMPILER_APPICON_NAME = AppIcon;
				CODE_SIGN_STYLE = Automatic;
				DEVELOPMENT_TEAM = LW9G79YZY5;
				INFOPLIST_FILE = BlackAuburn/Info.plist;
				LD_RUNPATH_SEARCH_PATHS = "$(inherited) @executable_path/Frameworks";
				PRODUCT_BUNDLE_IDENTIFIER = com.alyssa.BlackAuburn;
				PRODUCT_NAME = "$(TARGET_NAME)";
				SWIFT_VERSION = 4.0;
				TARGETED_DEVICE_FAMILY = "1,2";
			};
			name = Debug;
		};
		2999B622204220EC00D4AB8C /* Release */ = {
			isa = XCBuildConfiguration;
			baseConfigurationReference = C11608D88FF27B553DD3777F /* Pods-BlackAuburn.release.xcconfig */;
			buildSettings = {
				ASSETCATALOG_COMPILER_APPICON_NAME = AppIcon;
				CODE_SIGN_STYLE = Automatic;
				DEVELOPMENT_TEAM = LW9G79YZY5;
				INFOPLIST_FILE = BlackAuburn/Info.plist;
				LD_RUNPATH_SEARCH_PATHS = "$(inherited) @executable_path/Frameworks";
				PRODUCT_BUNDLE_IDENTIFIER = com.alyssa.BlackAuburn;
				PRODUCT_NAME = "$(TARGET_NAME)";
				SWIFT_VERSION = 4.0;
				TARGETED_DEVICE_FAMILY = "1,2";
			};
			name = Release;
		};
		2999B624204220EC00D4AB8C /* Debug */ = {
			isa = XCBuildConfiguration;
			buildSettings = {
				ALWAYS_EMBED_SWIFT_STANDARD_LIBRARIES = YES;
				BUNDLE_LOADER = "$(TEST_HOST)";
				CODE_SIGN_STYLE = Automatic;
				DEVELOPMENT_TEAM = LW9G79YZY5;
				INFOPLIST_FILE = BlackAuburnTests/Info.plist;
				LD_RUNPATH_SEARCH_PATHS = "$(inherited) @executable_path/Frameworks @loader_path/Frameworks";
				PRODUCT_BUNDLE_IDENTIFIER = com.alyssa.BlackAuburnTests;
				PRODUCT_NAME = "$(TARGET_NAME)";
				SWIFT_VERSION = 4.0;
				TARGETED_DEVICE_FAMILY = "1,2";
				TEST_HOST = "$(BUILT_PRODUCTS_DIR)/BlackAuburn.app/BlackAuburn";
			};
			name = Debug;
		};
		2999B625204220EC00D4AB8C /* Release */ = {
			isa = XCBuildConfiguration;
			buildSettings = {
				ALWAYS_EMBED_SWIFT_STANDARD_LIBRARIES = YES;
				BUNDLE_LOADER = "$(TEST_HOST)";
				CODE_SIGN_STYLE = Automatic;
				DEVELOPMENT_TEAM = LW9G79YZY5;
				INFOPLIST_FILE = BlackAuburnTests/Info.plist;
				LD_RUNPATH_SEARCH_PATHS = "$(inherited) @executable_path/Frameworks @loader_path/Frameworks";
				PRODUCT_BUNDLE_IDENTIFIER = com.alyssa.BlackAuburnTests;
				PRODUCT_NAME = "$(TARGET_NAME)";
				SWIFT_VERSION = 4.0;
				TARGETED_DEVICE_FAMILY = "1,2";
				TEST_HOST = "$(BUILT_PRODUCTS_DIR)/BlackAuburn.app/BlackAuburn";
			};
			name = Release;
		};
		2999B627204220EC00D4AB8C /* Debug */ = {
			isa = XCBuildConfiguration;
			buildSettings = {
				ALWAYS_EMBED_SWIFT_STANDARD_LIBRARIES = YES;
				CODE_SIGN_STYLE = Automatic;
				DEVELOPMENT_TEAM = LW9G79YZY5;
				INFOPLIST_FILE = BlackAuburnUITests/Info.plist;
				LD_RUNPATH_SEARCH_PATHS = "$(inherited) @executable_path/Frameworks @loader_path/Frameworks";
				PRODUCT_BUNDLE_IDENTIFIER = com.alyssa.BlackAuburnUITests;
				PRODUCT_NAME = "$(TARGET_NAME)";
				SWIFT_VERSION = 4.0;
				TARGETED_DEVICE_FAMILY = "1,2";
				TEST_TARGET_NAME = BlackAuburn;
			};
			name = Debug;
		};
		2999B628204220EC00D4AB8C /* Release */ = {
			isa = XCBuildConfiguration;
			buildSettings = {
				ALWAYS_EMBED_SWIFT_STANDARD_LIBRARIES = YES;
				CODE_SIGN_STYLE = Automatic;
				DEVELOPMENT_TEAM = LW9G79YZY5;
				INFOPLIST_FILE = BlackAuburnUITests/Info.plist;
				LD_RUNPATH_SEARCH_PATHS = "$(inherited) @executable_path/Frameworks @loader_path/Frameworks";
				PRODUCT_BUNDLE_IDENTIFIER = com.alyssa.BlackAuburnUITests;
				PRODUCT_NAME = "$(TARGET_NAME)";
				SWIFT_VERSION = 4.0;
				TARGETED_DEVICE_FAMILY = "1,2";
				TEST_TARGET_NAME = BlackAuburn;
			};
			name = Release;
		};
/* End XCBuildConfiguration section */

/* Begin XCConfigurationList section */
		2999B5F3204220EB00D4AB8C /* Build configuration list for PBXProject "BlackAuburn" */ = {
			isa = XCConfigurationList;
			buildConfigurations = (
				2999B61E204220EC00D4AB8C /* Debug */,
				2999B61F204220EC00D4AB8C /* Release */,
			);
			defaultConfigurationIsVisible = 0;
			defaultConfigurationName = Release;
		};
		2999B620204220EC00D4AB8C /* Build configuration list for PBXNativeTarget "BlackAuburn" */ = {
			isa = XCConfigurationList;
			buildConfigurations = (
				2999B621204220EC00D4AB8C /* Debug */,
				2999B622204220EC00D4AB8C /* Release */,
			);
			defaultConfigurationIsVisible = 0;
			defaultConfigurationName = Release;
		};
		2999B623204220EC00D4AB8C /* Build configuration list for PBXNativeTarget "BlackAuburnTests" */ = {
			isa = XCConfigurationList;
			buildConfigurations = (
				2999B624204220EC00D4AB8C /* Debug */,
				2999B625204220EC00D4AB8C /* Release */,
			);
			defaultConfigurationIsVisible = 0;
			defaultConfigurationName = Release;
		};
		2999B626204220EC00D4AB8C /* Build configuration list for PBXNativeTarget "BlackAuburnUITests" */ = {
			isa = XCConfigurationList;
			buildConfigurations = (
				2999B627204220EC00D4AB8C /* Debug */,
				2999B628204220EC00D4AB8C /* Release */,
			);
			defaultConfigurationIsVisible = 0;
			defaultConfigurationName = Release;
		};
/* End XCConfigurationList section */
	};
	rootObject = 2999B5F0204220EB00D4AB8C /* Project object */;
}
