PODS:
  - Alamofire (4.6.0)
  - ChameleonFramework (2.1.0):
    - ChameleonFramework/Default (= 2.1.0)
  - ChameleonFramework/Default (2.1.0)
  - DynamicBlurView (2.0.2)
  - DZNEmptyDataSet (1.8.1)
  - FontAwesomeKit/Core (2.2.1)
  - FontAwesomeKit/FoundationIcons (2.2.1):
    - FontAwesomeKit/Core
  - FSCalendar (2.7.9)
  - JTAppleCalendar (7.1.5)
  - Koyomi (1.2.7)
  - MGSwipeTableCell (1.6.6)
  - PopupDialog (0.7.1):
    - DynamicBlurView (~> 2.0)
  - SideMenu (3.1.5)
  - SlackTextViewController (1.9.6)
  - SnapKit (4.0.0)
  - Spring (1.0.5)
  - SVProgressHUD (2.2.5)
  - SwiftyJSON (4.0.0)
  - TextFieldEffects (1.4.0)

DEPENDENCIES:
  - Alamofire (~> 4.6)
  - ChameleonFramework
  - DZNEmptyDataSet
  - FontAwesomeKit/FoundationIcons
  - FSCalendar
  - JTAppleCalendar (~> 7.0)
  - Koyomi
  - MGSwipeTableCell
  - PopupDialog (~> 0.7)
  - SideMenu
  - SlackTextViewController
  - SnapKit (~> 4.0.0)
  - Spring (from `https://github.com/MengTo/Spring.git`)
  - SVProgressHUD
  - SwiftyJSON
  - TextFieldEffects

EXTERNAL SOURCES:
  Spring:
    :git: https://github.com/MengTo/Spring.git

CHECKOUT OPTIONS:
  Spring:
    :commit: 19b04d730d3edabbb02a39e58121d1d3220690ee
    :git: https://github.com/MengTo/Spring.git

SPEC CHECKSUMS:
  Alamofire: f41a599bd63041760b26d393ec1069d9d7b917f4
  ChameleonFramework: d21a3cc247abfe5e37609a283a8238b03575cf64
  DynamicBlurView: aa6db4defc6e537eb86fc5e58dd3991666178399
  DZNEmptyDataSet: 9525833b9e68ac21c30253e1d3d7076cc828eaa7
  FontAwesomeKit: 3614979b3dbb0ec3f7fac1bd760b91f66c31db67
  FSCalendar: a04b09f16f811bc92e82f3cf852a15225233b9d5
  JTAppleCalendar: 2d4f974f9f3c8b4964d51ca1f6e004883c031fbe
  Koyomi: f03615b8d2bb5a5a4752c6404a9794ed7ef7b327
  MGSwipeTableCell: c3bc6e261e7bc06c112909fe3fb8205de286082c
  PopupDialog: 39598b7d41719f5c025b4b70e62728bae7734fef
  SideMenu: 47dbf9e4d878062d8994aed43f6e4bf6c1fea30b
  SlackTextViewController: b854e62c1c156336bc4fd409c6ca79b5773e8f9d
  SnapKit: a42d492c16e80209130a3379f73596c3454b7694
  Spring: 48aad470f3ead043b2da98b64e0bf0630b7ebc42
  SVProgressHUD: 1428aafac632c1f86f62aa4243ec12008d7a51d6
  SwiftyJSON: 070dabdcb1beb81b247c65ffa3a79dbbfb3b48aa
  TextFieldEffects: 4ee41b5216e674d55fb6ac25107bf1af7629176f

PODFILE CHECKSUM: 507c12bb37862d197336d36bcd125a67732229f7

COCOAPODS: 1.4.0
